
Microsoft Visual Studio Solution File, Format Version 12.00
# Visual Studio Version 16
VisualStudioVersion = 16.0.31410.357
MinimumVisualStudioVersion = 10.0.40219.1
Project("{FAE04EC0-301F-11D3-BF4B-00C04F79EFBC}") = "demofootball", "demofootball\demofootball.csproj", "{AD11F8FE-9DF3-4FAE-BFC0-DA252CBC8A30}"
EndProject
Global
	GlobalSection(SolutionConfigurationPlatforms) = preSolution
		Debug|Any CPU = Debug|Any CPU
		Release|Any CPU = Release|Any CPU
	EndGlobalSection
	GlobalSection(ProjectConfigurationPlatforms) = postSolution
		{AD11F8FE-9DF3-4FAE-BFC0-DA252CBC8A30}.Debug|Any CPU.ActiveCfg = Debug|Any CPU
		{AD11F8FE-9DF3-4FAE-BFC0-DA252CBC8A30}.Debug|Any CPU.Build.0 = Debug|Any CPU
		{AD11F8FE-9DF3-4FAE-BFC0-DA252CBC8A30}.Release|Any CPU.ActiveCfg = Release|Any CPU
		{AD11F8FE-9DF3-4FAE-BFC0-DA252CBC8A30}.Release|Any CPU.Build.0 = Release|Any CPU
	EndGlobalSection
	GlobalSection(SolutionProperties) = preSolution
		HideSolutionNode = FALSE
	EndGlobalSection
	GlobalSection(ExtensibilityGlobals) = postSolution
		SolutionGuid = {49470FA9-BB4F-40A5-A7E1-788A7FB981E5}
	EndGlobalSection
EndGlobal
