
Microsoft Visual Studio Solution File, Format Version 12.00
# Visual Studio Version 16
VisualStudioVersion = 16.0.31410.357
MinimumVisualStudioVersion = 10.0.40219.1
Project("{FAE04EC0-301F-11D3-BF4B-00C04F79EFBC}") = "demo2", "demo2\demo2.csproj", "{4AEADE2C-9122-4F5F-B873-C438581600D7}"
EndProject
Global
	GlobalSection(SolutionConfigurationPlatforms) = preSolution
		Debug|Any CPU = Debug|Any CPU
		Release|Any CPU = Release|Any CPU
	EndGlobalSection
	GlobalSection(ProjectConfigurationPlatforms) = postSolution
		{4AEADE2C-9122-4F5F-B873-C438581600D7}.Debug|Any CPU.ActiveCfg = Debug|Any CPU
		{4AEADE2C-9122-4F5F-B873-C438581600D7}.Debug|Any CPU.Build.0 = Debug|Any CPU
		{4AEADE2C-9122-4F5F-B873-C438581600D7}.Release|Any CPU.ActiveCfg = Release|Any CPU
		{4AEADE2C-9122-4F5F-B873-C438581600D7}.Release|Any CPU.Build.0 = Release|Any CPU
	EndGlobalSection
	GlobalSection(SolutionProperties) = preSolution
		HideSolutionNode = FALSE
	EndGlobalSection
	GlobalSection(ExtensibilityGlobals) = postSolution
		SolutionGuid = {7D802779-24E2-4BD2-BD50-7DB760131EDD}
	EndGlobalSection
EndGlobal
